
Microsoft Visual Studio Solution File, Format Version 12.00
# Visual Studio Version 17
VisualStudioVersion = 17.5.33414.496
MinimumVisualStudioVersion = 10.0.40219.1
Project("{9A19103F-16F7-4668-BE54-9A1E7A4F7556}") = "Tinker-Back", "Tinker-Back.csproj", "{1CA7A307-806B-46C7-A281-79C2C79A7F00}"
EndProject
Global
	GlobalSection(SolutionConfigurationPlatforms) = preSolution
		Debug|Any CPU = Debug|Any CPU
		Release|Any CPU = Release|Any CPU
	EndGlobalSection
	GlobalSection(ProjectConfigurationPlatforms) = postSolution
		{1CA7A307-806B-46C7-A281-79C2C79A7F00}.Debug|Any CPU.ActiveCfg = Debug|Any CPU
		{1CA7A307-806B-46C7-A281-79C2C79A7F00}.Debug|Any CPU.Build.0 = Debug|Any CPU
		{1CA7A307-806B-46C7-A281-79C2C79A7F00}.Release|Any CPU.ActiveCfg = Release|Any CPU
		{1CA7A307-806B-46C7-A281-79C2C79A7F00}.Release|Any CPU.Build.0 = Release|Any CPU
	EndGlobalSection
	GlobalSection(SolutionProperties) = preSolution
		HideSolutionNode = FALSE
	EndGlobalSection
	GlobalSection(ExtensibilityGlobals) = postSolution
		SolutionGuid = {02B8F3BE-A985-4855-B1AD-99E32BA4C50A}
	EndGlobalSection
EndGlobal
